{
  "nodes": {
    "nixpkgs": {
      "locked": {
        "lastModified": 1699094435,
        "narHash": "sha256-YLZ5/KKZ1PyLrm2MO8UxRe4H3M0/oaYqNhSlq6FDeeA=",
        "owner": "NixOS",
        "repo": "nixpkgs",
        "rev": "9d5d25bbfe8c0297ebe85324addcb5020ed1a454",
        "type": "github"
      },
      "original": {
        "id": "nixpkgs",
        "type": "indirect"
      }
    },
    "nixpkgs_2": {
      "locked": {
        "lastModified": 1689752456,
        "narHash": "sha256-VOChdECcEI8ixz8QY+YC4JaNEFwQd1V8bA0G4B28Ki0=",
        "owner": "NixOS",
        "repo": "nixpkgs",
        "rev": "7f256d7da238cb627ef189d56ed590739f42f13b",
        "type": "github"
      },
      "original": {
        "id": "nixpkgs",
        "type": "indirect"
      }
    },
    "root": {
      "inputs": {
        "nixpkgs": "nixpkgs",
        "sqs": "sqs"
      }
    },
    "sqs": {
      "inputs": {
        "nixpkgs": "nixpkgs_2"
      },
      "locked": {
        "lastModified": 1699050309,
        "narHash": "sha256-zp3q4yx6a8CgrZ+UPOhAzqdaQW0iQozHuoY8Rqoq41E=",
        "owner": "stevefolta",
        "repo": "sqs",
        "rev": "b21e87b90e274ff288cc29385757998953c358c9",
        "type": "github"
      },
      "original": {
        "owner": "stevefolta",
        "repo": "sqs",
        "type": "github"
      }
    }
  },
  "root": "root",
  "version": 7
}
